
Microsoft Visual Studio Solution File, Format Version 12.00
# Visual Studio Version 17
VisualStudioVersion = 17.8.34309.116
MinimumVisualStudioVersion = 10.0.40219.1
Project("{9A19103F-16F7-4668-BE54-9A1E7A4F7556}") = "DynamicAppCreator", "DynamicAppCreator.csproj", "{FCA4BDD6-C897-4233-84AC-4BD0E5C6E420}"
EndProject
Project("{9A19103F-16F7-4668-BE54-9A1E7A4F7556}") = "DAC.core", "..\DAC.core\DAC.core.csproj", "{440FB3D2-C42C-4201-BE60-AA0859FFBAD5}"
EndProject
Project("{9A19103F-16F7-4668-BE54-9A1E7A4F7556}") = "DAC.kernel", "..\DAC.kernel\DAC.kernel.csproj", "{0E81D661-BBB0-42D4-A1F6-A9F115DC63B8}"
EndProject
Global
	GlobalSection(SolutionConfigurationPlatforms) = preSolution
		Debug|Any CPU = Debug|Any CPU
		Release|Any CPU = Release|Any CPU
	EndGlobalSection
	GlobalSection(ProjectConfigurationPlatforms) = postSolution
		{FCA4BDD6-C897-4233-84AC-4BD0E5C6E420}.Debug|Any CPU.ActiveCfg = Debug|Any CPU
		{FCA4BDD6-C897-4233-84AC-4BD0E5C6E420}.Debug|Any CPU.Build.0 = Debug|Any CPU
		{FCA4BDD6-C897-4233-84AC-4BD0E5C6E420}.Release|Any CPU.ActiveCfg = Release|Any CPU
		{FCA4BDD6-C897-4233-84AC-4BD0E5C6E420}.Release|Any CPU.Build.0 = Release|Any CPU
		{440FB3D2-C42C-4201-BE60-AA0859FFBAD5}.Debug|Any CPU.ActiveCfg = Debug|Any CPU
		{440FB3D2-C42C-4201-BE60-AA0859FFBAD5}.Debug|Any CPU.Build.0 = Debug|Any CPU
		{440FB3D2-C42C-4201-BE60-AA0859FFBAD5}.Release|Any CPU.ActiveCfg = Release|Any CPU
		{440FB3D2-C42C-4201-BE60-AA0859FFBAD5}.Release|Any CPU.Build.0 = Release|Any CPU
		{0E81D661-BBB0-42D4-A1F6-A9F115DC63B8}.Debug|Any CPU.ActiveCfg = Debug|Any CPU
		{0E81D661-BBB0-42D4-A1F6-A9F115DC63B8}.Debug|Any CPU.Build.0 = Debug|Any CPU
		{0E81D661-BBB0-42D4-A1F6-A9F115DC63B8}.Release|Any CPU.ActiveCfg = Release|Any CPU
		{0E81D661-BBB0-42D4-A1F6-A9F115DC63B8}.Release|Any CPU.Build.0 = Release|Any CPU
	EndGlobalSection
	GlobalSection(SolutionProperties) = preSolution
		HideSolutionNode = FALSE
	EndGlobalSection
	GlobalSection(ExtensibilityGlobals) = postSolution
		SolutionGuid = {732962DA-C604-469B-A3AC-0099A30AEC98}
	EndGlobalSection
EndGlobal
